# This file is automatically @generated by Cargo.
# It is not intended for manual editing.
version = 3

[[package]]
name = "StratoVirt"
version = "2.2.0"
dependencies = [
 "error-chain",
 "hypervisor",
 "kvm-ioctls",
 "libc",
 "log",
 "machine",
 "machine_manager",
 "migration",
 "util",
 "vfio",
 "vhost_user_fs",
 "virtio",
 "vmm-sys-util",
 "vnc",
]

[[package]]
name = "acpi"
version = "2.2.0"
dependencies = [
 "address_space",
 "byteorder",
 "error-chain",
 "log",
 "machine_manager",
 "util",
]

[[package]]
name = "addr2line"
version = "0.17.0"
source = "registry+https://github.com/rust-lang/crates.io-index"
checksum = "b9ecd88a8c8378ca913a680cd98f0f13ac67383d35993f86c90a70e3f137816b"
dependencies = [
 "gimli",
]

[[package]]
name = "address_space"
version = "2.2.0"
dependencies = [
 "arc-swap",
 "error-chain",
 "hypervisor",
 "kvm-bindings",
 "kvm-ioctls",
 "libc",
 "log",
 "machine_manager",
 "migration",
 "migration_derive",
 "serial_test",
 "util",
 "vmm-sys-util",
]

[[package]]
name = "adler"
version = "1.0.2"
source = "registry+https://github.com/rust-lang/crates.io-index"
checksum = "f26201604c87b1e01bd3d98f8d5d9a8fcbb815e8cedb41ffccbeb4bf593a35fe"

[[package]]
name = "aho-corasick"
version = "0.7.19"
source = "registry+https://github.com/rust-lang/crates.io-index"
checksum = "b4f55bd91a0978cbfd91c457a164bab8b4001c833b7f323132c0a4e1922dd44e"
dependencies = [
 "memchr",
]

[[package]]
name = "arc-swap"
version = "1.5.1"
source = "registry+https://github.com/rust-lang/crates.io-index"
checksum = "983cd8b9d4b02a6dc6ffa557262eb5858a27a0038ffffe21a0f133eaa819a164"

[[package]]
name = "autocfg"
version = "1.1.0"
source = "registry+https://github.com/rust-lang/crates.io-index"
checksum = "d468802bab17cbc0cc575e9b053f41e72aa36bfa6b7f55e3529ffa43161b97fa"

[[package]]
name = "backtrace"
version = "0.3.66"
source = "registry+https://github.com/rust-lang/crates.io-index"
checksum = "cab84319d616cfb654d03394f38ab7e6f0919e181b1b57e1fd15e7fb4077d9a7"
dependencies = [
 "addr2line",
 "cc",
 "cfg-if",
 "libc",
 "miniz_oxide",
 "object",
 "rustc-demangle",
]

[[package]]
name = "bitflags"
version = "1.3.2"
source = "registry+https://github.com/rust-lang/crates.io-index"
checksum = "bef38d45163c2f1dde094a7dfd33ccf595c92905c8f8f4fdc18d06fb1037718a"

[[package]]
name = "bitintr"
version = "0.2.0"
source = "registry+https://github.com/rust-lang/crates.io-index"
checksum = "f80c754495ef07b4554134bbfb23fc1e31a775113b49acccbe35076d57cba145"

[[package]]
name = "boot_loader"
version = "2.2.0"
dependencies = [
 "address_space",
 "devices",
 "error-chain",
 "kvm-bindings",
 "kvm-ioctls",
 "libc",
 "log",
 "util",
 "vmm-sys-util",
]

[[package]]
name = "byteorder"
version = "1.4.3"
source = "registry+https://github.com/rust-lang/crates.io-index"
checksum = "14c189c53d098945499cdfa7ecc63567cf3886b3332b312a5b4585d8d3a6a610"

[[package]]
name = "cc"
version = "1.0.73"
source = "registry+https://github.com/rust-lang/crates.io-index"
checksum = "2fff2a6927b3bb87f9595d67196a70493f627687a71d87a0d692242c33f58c11"

[[package]]
name = "cfg-if"
version = "1.0.0"
source = "registry+https://github.com/rust-lang/crates.io-index"
checksum = "baf1de4339761588bc0619e3cbc0120ee582ebb74b53b4efbf79117bd2da40fd"

[[package]]
name = "const_format"
version = "0.2.26"
source = "registry+https://github.com/rust-lang/crates.io-index"
checksum = "939dc9e2eb9077e0679d2ce32de1ded8531779360b003b4a972a7a39ec263495"
dependencies = [
 "const_format_proc_macros",
]

[[package]]
name = "const_format_proc_macros"
version = "0.2.22"
source = "registry+https://github.com/rust-lang/crates.io-index"
checksum = "ef196d5d972878a48da7decb7686eded338b4858fbabeed513d63a7c98b2b82d"
dependencies = [
 "proc-macro2",
 "quote",
 "unicode-xid",
]

[[package]]
name = "cpu"
version = "2.2.0"
dependencies = [
 "error-chain",
 "hypervisor",
 "kvm-bindings",
 "kvm-ioctls",
 "libc",
 "log",
 "machine_manager",
 "migration",
 "migration_derive",
 "serial_test",
 "util",
 "vmm-sys-util",
]

[[package]]
name = "devices"
version = "2.2.0"
dependencies = [
 "acpi",
 "address_space",
 "byteorder",
 "drm-fourcc",
 "error-chain",
 "hypervisor",
 "kvm-bindings",
 "kvm-ioctls",
 "libc",
 "log",
 "machine_manager",
 "migration",
 "migration_derive",
 "serde",
 "serial_test",
 "sysbus",
 "util",
 "vmm-sys-util",
 "vnc",
]

[[package]]
name = "drm-fourcc"
version = "2.2.0"
source = "registry+https://github.com/rust-lang/crates.io-index"
checksum = "0aafbcdb8afc29c1a7ee5fbe53b5d62f4565b35a042a662ca9fecd0b54dae6f4"

[[package]]
name = "error-chain"
version = "0.12.4"
source = "registry+https://github.com/rust-lang/crates.io-index"
checksum = "2d2f06b9cac1506ece98fe3231e3cc9c4410ec3d5b1f24ae1c8946f0742cdefc"
dependencies = [
 "backtrace",
 "version_check",
]

[[package]]
name = "gimli"
version = "0.26.2"
source = "registry+https://github.com/rust-lang/crates.io-index"
checksum = "22030e2c5a68ec659fde1e949a745124b48e6fa8b045b7ed5bd1fe4ccc5c4e5d"

[[package]]
name = "heck"
version = "0.3.3"
source = "registry+https://github.com/rust-lang/crates.io-index"
checksum = "6d621efb26863f0e9924c6ac577e8275e5e6b77455db64ffa6c65c904e9e132c"
dependencies = [
 "unicode-segmentation",
]

[[package]]
name = "hypervisor"
version = "2.2.0"
dependencies = [
 "arc-swap",
 "error-chain",
 "kvm-bindings",
 "kvm-ioctls",
 "log",
 "once_cell",
 "util",
 "vmm-sys-util",
]

[[package]]
name = "instant"
version = "0.1.12"
source = "registry+https://github.com/rust-lang/crates.io-index"
checksum = "7a5bbe824c507c5da5956355e86a746d82e0e1464f65d862cc5e71da70e94b2c"
dependencies = [
 "cfg-if",
]

[[package]]
name = "io-uring"
version = "0.5.7"
source = "registry+https://github.com/rust-lang/crates.io-index"
checksum = "6d32c9c053ad47572e11da8bce622ed4c9ae9dedac5b7f678a2e876d1494d4c4"
dependencies = [
 "bitflags",
 "libc",
]

[[package]]
name = "itoa"
version = "1.0.3"
source = "registry+https://github.com/rust-lang/crates.io-index"
checksum = "6c8af84674fe1f223a982c933a0ee1086ac4d4052aa0fb8060c12c6ad838e754"

[[package]]
name = "kvm-bindings"
version = "0.5.0"
source = "registry+https://github.com/rust-lang/crates.io-index"
checksum = "a78c049190826fff959994b7c1d8a2930d0a348f1b8f3aa4f9bb34cd5d7f2952"
dependencies = [
 "vmm-sys-util",
]

[[package]]
name = "kvm-ioctls"
version = "0.11.0"
source = "registry+https://github.com/rust-lang/crates.io-index"
checksum = "97422ba48d7ffb66fd4d18130f72ab66f9bbbf791fb7a87b9291cdcfec437593"
dependencies = [
 "kvm-bindings",
 "libc",
 "vmm-sys-util",
]

[[package]]
name = "lazy_static"
version = "1.4.0"
source = "registry+https://github.com/rust-lang/crates.io-index"
checksum = "e2abad23fbc42b3700f2f279844dc832adb2b2eb069b2df918f455c4e18cc646"

[[package]]
name = "libc"
version = "0.2.129"
source = "registry+https://github.com/rust-lang/crates.io-index"
checksum = "64de3cc433455c14174d42e554d4027ee631c4d046d43e3ecc6efc4636cdc7a7"

[[package]]
name = "lock_api"
version = "0.4.7"
source = "registry+https://github.com/rust-lang/crates.io-index"
checksum = "327fa5b6a6940e4699ec49a9beae1ea4845c6bab9314e4f84ac68742139d8c53"
dependencies = [
 "autocfg",
 "scopeguard",
]

[[package]]
name = "log"
version = "0.4.17"
source = "registry+https://github.com/rust-lang/crates.io-index"
checksum = "abb12e687cfb44aa40f41fc3978ef76448f9b6038cad6aef4259d3c095a2382e"
dependencies = [
 "cfg-if",
]

[[package]]
name = "machine"
version = "2.2.0"
dependencies = [
 "acpi",
 "address_space",
 "boot_loader",
 "cpu",
 "devices",
 "error-chain",
 "hypervisor",
 "kvm-bindings",
 "kvm-ioctls",
 "libc",
 "log",
 "machine_manager",
 "migration",
 "migration_derive",
 "pci",
 "serde",
 "serde_json",
 "sysbus",
 "usb",
 "util",
 "vfio",
 "vfio-bindings",
 "virtio",
 "vmm-sys-util",
 "vnc",
]

[[package]]
name = "machine_manager"
version = "2.2.0"
dependencies = [
 "error-chain",
 "libc",
 "log",
 "once_cell",
 "serde",
 "serde_json",
 "strum",
 "strum_macros",
 "util",
 "vmm-sys-util",
]

[[package]]
name = "memchr"
version = "2.5.0"
source = "registry+https://github.com/rust-lang/crates.io-index"
checksum = "2dffe52ecf27772e601905b7522cb4ef790d2cc203488bbd0e2fe85fcb74566d"

[[package]]
name = "migration"
version = "2.2.0"
dependencies = [
 "error-chain",
 "hypervisor",
 "kvm-bindings",
 "kvm-ioctls",
 "log",
 "machine_manager",
 "migration_derive",
 "once_cell",
 "serde",
 "serde_json",
 "util",
]

[[package]]
name = "migration_derive"
version = "2.2.0"
dependencies = [
 "migration",
 "proc-macro2",
 "quote",
 "syn",
 "util",
]

[[package]]
name = "miniz_oxide"
version = "0.5.3"
source = "registry+https://github.com/rust-lang/crates.io-index"
checksum = "6f5c75688da582b8ffc1f1799e9db273f32133c49e048f614d22ec3256773ccc"
dependencies = [
 "adler",
]

[[package]]
name = "object"
version = "0.29.0"
source = "registry+https://github.com/rust-lang/crates.io-index"
checksum = "21158b2c33aa6d4561f1c0a6ea283ca92bc54802a93b263e910746d679a7eb53"
dependencies = [
 "memchr",
]

[[package]]
name = "once_cell"
version = "1.13.0"
source = "registry+https://github.com/rust-lang/crates.io-index"
checksum = "18a6dbe30758c9f83eb00cbea4ac95966305f5a7772f3f42ebfc7fc7eddbd8e1"

[[package]]
name = "ozone"
version = "2.2.0"
dependencies = [
 "error-chain",
 "libc",
 "util",
]

[[package]]
name = "parking_lot"
version = "0.11.2"
source = "registry+https://github.com/rust-lang/crates.io-index"
checksum = "7d17b78036a60663b797adeaee46f5c9dfebb86948d1255007a1d6be0271ff99"
dependencies = [
 "instant",
 "lock_api",
 "parking_lot_core",
]

[[package]]
name = "parking_lot_core"
version = "0.8.5"
source = "registry+https://github.com/rust-lang/crates.io-index"
checksum = "d76e8e1493bcac0d2766c42737f34458f1c8c50c0d23bcb24ea953affb273216"
dependencies = [
 "cfg-if",
 "instant",
 "libc",
 "redox_syscall",
 "smallvec",
 "winapi",
]

[[package]]
name = "pci"
version = "2.2.0"
dependencies = [
 "acpi",
 "address_space",
 "byteorder",
 "error-chain",
 "hypervisor",
 "kvm-bindings",
 "kvm-ioctls",
 "libc",
 "log",
 "machine_manager",
 "migration",
 "migration_derive",
 "once_cell",
 "sysbus",
 "util",
 "vmm-sys-util",
]

[[package]]
name = "proc-macro2"
version = "1.0.43"
source = "registry+https://github.com/rust-lang/crates.io-index"
checksum = "0a2ca2c61bc9f3d74d2886294ab7b9853abd9c1ad903a3ac7815c58989bb7bab"
dependencies = [
 "unicode-ident",
]

[[package]]
name = "quote"
version = "1.0.21"
source = "registry+https://github.com/rust-lang/crates.io-index"
checksum = "bbe448f377a7d6961e30f5955f9b8d106c3f5e449d493ee1b125c1d43c2b5179"
dependencies = [
 "proc-macro2",
]

[[package]]
name = "redox_syscall"
version = "0.2.16"
source = "registry+https://github.com/rust-lang/crates.io-index"
checksum = "fb5a58c1855b4b6819d59012155603f0b22ad30cad752600aadfcb695265519a"
dependencies = [
 "bitflags",
]

[[package]]
name = "regex"
version = "1.6.0"
source = "registry+https://github.com/rust-lang/crates.io-index"
checksum = "4c4eb3267174b8c6c2f654116623910a0fef09c4753f8dd83db29c48a0df988b"
dependencies = [
 "aho-corasick",
 "memchr",
 "regex-syntax",
]

[[package]]
name = "regex-syntax"
version = "0.6.27"
source = "registry+https://github.com/rust-lang/crates.io-index"
checksum = "a3f87b73ce11b1619a3c6332f45341e0047173771e8b8b73f87bfeefb7b56244"

[[package]]
name = "rustc-demangle"
version = "0.1.21"
source = "registry+https://github.com/rust-lang/crates.io-index"
checksum = "7ef03e0a2b150c7a90d01faf6254c9c48a41e95fb2a8c2ac1c6f0d2b9aefc342"

[[package]]
name = "ryu"
version = "1.0.11"
source = "registry+https://github.com/rust-lang/crates.io-index"
checksum = "4501abdff3ae82a1c1b477a17252eb69cee9e66eb915c1abaa4f44d873df9f09"

[[package]]
name = "scopeguard"
version = "1.1.0"
source = "registry+https://github.com/rust-lang/crates.io-index"
checksum = "d29ab0c6d3fc0ee92fe66e2d99f700eab17a8d57d1c1d3b748380fb20baa78cd"

[[package]]
name = "serde"
version = "1.0.143"
source = "registry+https://github.com/rust-lang/crates.io-index"
checksum = "53e8e5d5b70924f74ff5c6d64d9a5acd91422117c60f48c4e07855238a254553"
dependencies = [
 "serde_derive",
]

[[package]]
name = "serde_derive"
version = "1.0.143"
source = "registry+https://github.com/rust-lang/crates.io-index"
checksum = "d3d8e8de557aee63c26b85b947f5e59b690d0454c753f3adeb5cd7835ab88391"
dependencies = [
 "proc-macro2",
 "quote",
 "syn",
]

[[package]]
name = "serde_json"
version = "1.0.83"
source = "registry+https://github.com/rust-lang/crates.io-index"
checksum = "38dd04e3c8279e75b31ef29dbdceebfe5ad89f4d0937213c53f7d49d01b3d5a7"
dependencies = [
 "itoa",
 "ryu",
 "serde",
]

[[package]]
name = "serial_test"
version = "0.5.1"
source = "registry+https://github.com/rust-lang/crates.io-index"
checksum = "e0bccbcf40c8938196944a3da0e133e031a33f4d6b72db3bda3cc556e361905d"
dependencies = [
 "lazy_static",
 "parking_lot",
 "serial_test_derive",
]

[[package]]
name = "serial_test_derive"
version = "0.5.1"
source = "registry+https://github.com/rust-lang/crates.io-index"
checksum = "b2acd6defeddb41eb60bb468f8825d0cfd0c2a76bc03bfd235b6a1dc4f6a1ad5"
dependencies = [
 "proc-macro2",
 "quote",
 "syn",
]

[[package]]
name = "smallvec"
version = "1.9.0"
source = "registry+https://github.com/rust-lang/crates.io-index"
checksum = "2fd0db749597d91ff862fd1d55ea87f7855a744a8425a64695b6fca237d1dad1"

[[package]]
name = "sscanf"
version = "0.2.2"
source = "registry+https://github.com/rust-lang/crates.io-index"
checksum = "40f3891ecd1b4d716fd674bf238ee743d2cd948c9aeb3b42b1dd9d8f56d0154b"
dependencies = [
 "const_format",
 "lazy_static",
 "regex",
 "sscanf_macro",
]

[[package]]
name = "sscanf_macro"
version = "0.2.2"
source = "registry+https://github.com/rust-lang/crates.io-index"
checksum = "95d18335301db6e21d35b955cfb58327f3ede99f831a84cad5a07a59c6b1ec5d"
dependencies = [
 "proc-macro2",
 "quote",
 "regex-syntax",
 "syn",
]

[[package]]
name = "strum"
version = "0.20.0"
source = "registry+https://github.com/rust-lang/crates.io-index"
checksum = "7318c509b5ba57f18533982607f24070a55d353e90d4cae30c467cdb2ad5ac5c"

[[package]]
name = "strum_macros"
version = "0.20.1"
source = "registry+https://github.com/rust-lang/crates.io-index"
checksum = "ee8bc6b87a5112aeeab1f4a9f7ab634fe6cbefc4850006df31267f4cfb9e3149"
dependencies = [
 "heck",
 "proc-macro2",
 "quote",
 "syn",
]

[[package]]
name = "syn"
version = "1.0.99"
source = "registry+https://github.com/rust-lang/crates.io-index"
checksum = "58dbef6ec655055e20b86b15a8cc6d439cca19b667537ac6a1369572d151ab13"
dependencies = [
 "proc-macro2",
 "quote",
 "unicode-ident",
]

[[package]]
name = "sysbus"
version = "2.2.0"
dependencies = [
 "acpi",
 "address_space",
 "error-chain",
 "hypervisor",
 "kvm-ioctls",
 "vmm-sys-util",
]

[[package]]
name = "unicode-ident"
version = "1.0.3"
source = "registry+https://github.com/rust-lang/crates.io-index"
checksum = "c4f5b37a154999a8f3f98cc23a628d850e154479cd94decf3414696e12e31aaf"

[[package]]
name = "unicode-segmentation"
version = "1.9.0"
source = "registry+https://github.com/rust-lang/crates.io-index"
checksum = "7e8820f5d777f6224dc4be3632222971ac30164d4a258d595640799554ebfd99"

[[package]]
name = "unicode-xid"
version = "0.2.4"
source = "registry+https://github.com/rust-lang/crates.io-index"
checksum = "f962df74c8c05a667b5ee8bcf162993134c104e96440b663c8daa176dc772d8c"

[[package]]
name = "usb"
version = "2.2.0"
dependencies = [
 "address_space",
 "byteorder",
 "error-chain",
 "libc",
 "log",
 "once_cell",
 "pci",
 "util",
]

[[package]]
name = "util"
version = "2.2.0"
dependencies = [
 "arc-swap",
 "byteorder",
 "error-chain",
 "io-uring",
 "kvm-bindings",
 "kvm-ioctls",
 "libc",
 "log",
 "once_cell",
 "vmm-sys-util",
]

[[package]]
name = "version_check"
version = "0.9.4"
source = "registry+https://github.com/rust-lang/crates.io-index"
checksum = "49874b5167b65d7193b8aba1567f5c7d93d001cafc34600cee003eda787e483f"

[[package]]
name = "vfio"
version = "2.2.0"
dependencies = [
 "address_space",
 "byteorder",
 "error-chain",
 "hypervisor",
 "kvm-bindings",
 "kvm-ioctls",
 "libc",
 "log",
 "once_cell",
 "pci",
 "util",
 "vfio-bindings",
 "vmm-sys-util",
]

[[package]]
name = "vfio-bindings"
version = "0.3.1"
source = "registry+https://github.com/rust-lang/crates.io-index"
checksum = "43449b404c488f70507dca193debd4bea361fe8089869b947adc19720e464bce"

[[package]]
name = "vhost_user_fs"
version = "2.2.0"
dependencies = [
 "acpi",
 "address_space",
 "devices",
 "errno",
 "error-chain",
 "hypervisor",
 "libc",
 "log",
 "machine_manager",
 "migration",
 "migration_derive",
 "pci",
 "sysbus",
 "util",
 "virtio",
 "vmm-sys-util",
]

[[package]]
name = "virtio"
version = "2.2.0"
dependencies = [
 "acpi",
 "address_space",
 "byteorder",
 "devices",
 "error-chain",
 "hypervisor",
 "kvm-ioctls",
 "libc",
 "log",
 "machine_manager",
 "migration",
 "migration_derive",
 "pci",
 "serde_json",
 "sysbus",
 "util",
 "vmm-sys-util",
 "vnc",
]

[[package]]
name = "vmm-sys-util"
version = "0.10.0"
source = "registry+https://github.com/rust-lang/crates.io-index"
checksum = "08604d7be03eb26e33b3cee3ed4aef2bf550b305d1cca60e84da5d28d3790b62"
dependencies = [
 "bitflags",
 "libc",
]

[[package]]
name = "vnc"
version = "2.2.0"
dependencies = [
 "acpi",
 "address_space",
 "bitintr",
 "byteorder",
 "error-chain",
 "hypervisor",
 "libc",
 "log",
 "machine_manager",
 "migration",
 "migration_derive",
 "once_cell",
 "pci",
 "serde_json",
 "sscanf",
 "sysbus",
 "usb",
 "util",
 "vmm-sys-util",
]

[[package]]
name = "winapi"
version = "0.3.9"
source = "registry+https://github.com/rust-lang/crates.io-index"
checksum = "5c839a674fcd7a98952e593242ea400abe93992746761e38641405d28b00f419"
dependencies = [
 "winapi-i686-pc-windows-gnu",
 "winapi-x86_64-pc-windows-gnu",
]

[[package]]
name = "winapi-i686-pc-windows-gnu"
version = "0.4.0"
source = "registry+https://github.com/rust-lang/crates.io-index"
checksum = "ac3b87c63620426dd9b991e5ce0329eff545bccbbb34f3be09ff6fb6ab51b7b6"

[[package]]
name = "winapi-x86_64-pc-windows-gnu"
version = "0.4.0"
source = "registry+https://github.com/rust-lang/crates.io-index"
checksum = "712e227841d057c1ee1cd2fb22fa7e5a5461ae8e48fa2ca79ec42cfc1931183f"
