# This file is automatically @generated by Cargo.
# It is not intended for manual editing.
[[package]]
name = "StratoVirt"
version = "0.2.0"
dependencies = [
 "kvm-bindings",
 "kvm-ioctls",
 "libc",
 "vmm-sys-util",
]

[[package]]
name = "bitflags"
version = "1.2.1"
source = "registry+https://github.com/rust-lang/crates.io-index"
checksum = "cf1de2fe8c75bc145a2f577add951f8134889b4795d47466a54a5c846d691693"

[[package]]
name = "kvm-bindings"
version = "0.3.0"
source = "registry+https://github.com/rust-lang/crates.io-index"
checksum = "8f1c07667561c3d12d77342baf28ca5d0f8c3ea2160778485640ec84a4571da2"
dependencies = [
 "vmm-sys-util",
]

[[package]]
name = "kvm-ioctls"
version = "0.6.0"
source = "registry+https://github.com/rust-lang/crates.io-index"
checksum = "158d15da895bddca8223fa31dc9e8b9317bdc2fbc4635dea8dd575fc40dae37f"
dependencies = [
 "kvm-bindings",
 "libc",
 "vmm-sys-util",
]

[[package]]
name = "libc"
version = "0.2.71"
source = "registry+https://github.com/rust-lang/crates.io-index"
checksum = "9457b06509d27052635f90d6466700c65095fdf75409b3fbdd903e988b886f49"

[[package]]
name = "vmm-sys-util"
version = "0.7.0"
source = "registry+https://github.com/rust-lang/crates.io-index"
checksum = "d1cdd1d72e262bbfb014de65ada24c1ac50e10a2e3b1e8ec052df188c2ee5dfa"
dependencies = [
 "bitflags",
 "libc",
]
