# This file is automatically @generated by Cargo.
# It is not intended for manual editing.
[[package]]
name = "StratoVirt"
version = "0.2.0"
dependencies = [
 "error-chain",
 "kvm-ioctls",
 "libc",
 "log",
 "machine",
 "machine_manager",
 "util",
 "virtio",
 "vmm-sys-util",
]

[[package]]
name = "addr2line"
version = "0.14.1"
source = "registry+https://github.com/rust-lang/crates.io-index"
checksum = "a55f82cfe485775d02112886f4169bde0c5894d75e79ead7eafe7e40a25e45f7"
dependencies = [
 "gimli",
]

[[package]]
name = "address_space"
version = "0.2.0"
dependencies = [
 "error-chain",
 "kvm-bindings",
 "kvm-ioctls",
 "libc",
 "log",
 "machine_manager",
 "util",
 "vmm-sys-util",
]

[[package]]
name = "adler"
version = "0.2.3"
source = "registry+https://github.com/rust-lang/crates.io-index"
checksum = "ee2a4ec343196209d6594e19543ae87a39f96d5534d7174822a3ad825dd6ed7e"

[[package]]
name = "autocfg"
version = "1.0.1"
source = "registry+https://github.com/rust-lang/crates.io-index"
checksum = "cdb031dd78e28731d87d56cc8ffef4a8f36ca26c38fe2de700543e627f8a464a"

[[package]]
name = "backtrace"
version = "0.3.56"
source = "registry+https://github.com/rust-lang/crates.io-index"
checksum = "9d117600f438b1707d4e4ae15d3595657288f8235a0eb593e80ecc98ab34e1bc"
dependencies = [
 "addr2line",
 "cfg-if",
 "libc",
 "miniz_oxide",
 "object",
 "rustc-demangle",
]

[[package]]
name = "bitflags"
version = "1.2.1"
source = "registry+https://github.com/rust-lang/crates.io-index"
checksum = "cf1de2fe8c75bc145a2f577add951f8134889b4795d47466a54a5c846d691693"

[[package]]
name = "boot_loader"
version = "0.2.0"
dependencies = [
 "address_space",
 "error-chain",
 "kvm-bindings",
 "kvm-ioctls",
 "libc",
 "log",
 "util",
 "vmm-sys-util",
]

[[package]]
name = "byteorder"
version = "1.4.2"
source = "registry+https://github.com/rust-lang/crates.io-index"
checksum = "ae44d1a3d5a19df61dd0c8beb138458ac2a53a7ac09eba97d55592540004306b"

[[package]]
name = "cfg-if"
version = "1.0.0"
source = "registry+https://github.com/rust-lang/crates.io-index"
checksum = "baf1de4339761588bc0619e3cbc0120ee582ebb74b53b4efbf79117bd2da40fd"

[[package]]
name = "cpu"
version = "0.2.0"
dependencies = [
 "error-chain",
 "kvm-bindings",
 "kvm-ioctls",
 "libc",
 "log",
 "machine_manager",
 "util",
 "vmm-sys-util",
]

[[package]]
name = "devices"
version = "0.2.0"
dependencies = [
 "address_space",
 "boot_loader",
 "byteorder",
 "error-chain",
 "kvm-bindings",
 "kvm-ioctls",
 "libc",
 "log",
 "machine_manager",
 "serde",
 "sysbus",
 "util",
 "vmm-sys-util",
]

[[package]]
name = "error-chain"
version = "0.12.4"
source = "registry+https://github.com/rust-lang/crates.io-index"
checksum = "2d2f06b9cac1506ece98fe3231e3cc9c4410ec3d5b1f24ae1c8946f0742cdefc"
dependencies = [
 "backtrace",
 "version_check",
]

[[package]]
name = "gimli"
version = "0.23.0"
source = "registry+https://github.com/rust-lang/crates.io-index"
checksum = "f6503fe142514ca4799d4c26297c4248239fe8838d827db6bd6065c6ed29a6ce"

[[package]]
name = "itoa"
version = "0.4.7"
source = "registry+https://github.com/rust-lang/crates.io-index"
checksum = "dd25036021b0de88a0aff6b850051563c6516d0bf53f8638938edbb9de732736"

[[package]]
name = "kvm-bindings"
version = "0.3.0"
source = "registry+https://github.com/rust-lang/crates.io-index"
checksum = "8f1c07667561c3d12d77342baf28ca5d0f8c3ea2160778485640ec84a4571da2"
dependencies = [
 "vmm-sys-util",
]

[[package]]
name = "kvm-ioctls"
version = "0.6.0"
source = "registry+https://github.com/rust-lang/crates.io-index"
checksum = "158d15da895bddca8223fa31dc9e8b9317bdc2fbc4635dea8dd575fc40dae37f"
dependencies = [
 "kvm-bindings",
 "libc",
 "vmm-sys-util",
]

[[package]]
name = "libc"
version = "0.2.86"
source = "registry+https://github.com/rust-lang/crates.io-index"
checksum = "b7282d924be3275cec7f6756ff4121987bc6481325397dde6ba3e7802b1a8b1c"

[[package]]
name = "log"
version = "0.4.14"
source = "registry+https://github.com/rust-lang/crates.io-index"
checksum = "51b9bbe6c47d51fc3e1a9b945965946b4c44142ab8792c50835a980d362c2710"
dependencies = [
 "cfg-if",
]

[[package]]
name = "machine"
version = "0.2.0"
dependencies = [
 "address_space",
 "boot_loader",
 "cpu",
 "devices",
 "error-chain",
 "kvm-bindings",
 "kvm-ioctls",
 "libc",
 "log",
 "machine_manager",
 "serde",
 "serde_json",
 "sysbus",
 "util",
 "virtio",
 "vmm-sys-util",
]

[[package]]
name = "machine_manager"
version = "0.2.0"
dependencies = [
 "error-chain",
 "libc",
 "log",
 "serde",
 "serde_json",
 "util",
 "vmm-sys-util",
]

[[package]]
name = "miniz_oxide"
version = "0.4.3"
source = "registry+https://github.com/rust-lang/crates.io-index"
checksum = "0f2d26ec3309788e423cfbf68ad1800f061638098d76a83681af979dc4eda19d"
dependencies = [
 "adler",
 "autocfg",
]

[[package]]
name = "object"
version = "0.23.0"
source = "registry+https://github.com/rust-lang/crates.io-index"
checksum = "a9a7ab5d64814df0fe4a4b5ead45ed6c5f181ee3ff04ba344313a6c80446c5d4"

[[package]]
name = "proc-macro2"
version = "1.0.24"
source = "registry+https://github.com/rust-lang/crates.io-index"
checksum = "1e0704ee1a7e00d7bb417d0770ea303c1bccbabf0ef1667dae92b5967f5f8a71"
dependencies = [
 "unicode-xid",
]

[[package]]
name = "quote"
version = "1.0.9"
source = "registry+https://github.com/rust-lang/crates.io-index"
checksum = "c3d0b9745dc2debf507c8422de05d7226cc1f0644216dfdfead988f9b1ab32a7"
dependencies = [
 "proc-macro2",
]

[[package]]
name = "rustc-demangle"
version = "0.1.18"
source = "registry+https://github.com/rust-lang/crates.io-index"
checksum = "6e3bad0ee36814ca07d7968269dd4b7ec89ec2da10c4bb613928d3077083c232"

[[package]]
name = "ryu"
version = "1.0.5"
source = "registry+https://github.com/rust-lang/crates.io-index"
checksum = "71d301d4193d031abdd79ff7e3dd721168a9572ef3fe51a1517aba235bd8f86e"

[[package]]
name = "serde"
version = "1.0.123"
source = "registry+https://github.com/rust-lang/crates.io-index"
checksum = "92d5161132722baa40d802cc70b15262b98258453e85e5d1d365c757c73869ae"
dependencies = [
 "serde_derive",
]

[[package]]
name = "serde_derive"
version = "1.0.123"
source = "registry+https://github.com/rust-lang/crates.io-index"
checksum = "9391c295d64fc0abb2c556bad848f33cb8296276b1ad2677d1ae1ace4f258f31"
dependencies = [
 "proc-macro2",
 "quote",
 "syn",
]

[[package]]
name = "serde_json"
version = "1.0.62"
source = "registry+https://github.com/rust-lang/crates.io-index"
checksum = "ea1c6153794552ea7cf7cf63b1231a25de00ec90db326ba6264440fa08e31486"
dependencies = [
 "itoa",
 "ryu",
 "serde",
]

[[package]]
name = "syn"
version = "1.0.60"
source = "registry+https://github.com/rust-lang/crates.io-index"
checksum = "c700597eca8a5a762beb35753ef6b94df201c81cca676604f547495a0d7f0081"
dependencies = [
 "proc-macro2",
 "quote",
 "unicode-xid",
]

[[package]]
name = "sysbus"
version = "0.2.0"
dependencies = [
 "address_space",
 "error-chain",
 "kvm-ioctls",
 "log",
 "vmm-sys-util",
]

[[package]]
name = "unicode-xid"
version = "0.2.1"
source = "registry+https://github.com/rust-lang/crates.io-index"
checksum = "f7fe0bb3479651439c9112f72b6c505038574c9fbb575ed1bf3b797fa39dd564"

[[package]]
name = "util"
version = "0.2.0"
dependencies = [
 "error-chain",
 "kvm-bindings",
 "kvm-ioctls",
 "libc",
 "log",
 "vmm-sys-util",
]

[[package]]
name = "version_check"
version = "0.9.2"
source = "registry+https://github.com/rust-lang/crates.io-index"
checksum = "b5a972e5669d67ba988ce3dc826706fb0a8b01471c088cb0b6110b805cc36aed"

[[package]]
name = "virtio"
version = "0.2.0"
dependencies = [
 "address_space",
 "byteorder",
 "error-chain",
 "kvm-ioctls",
 "libc",
 "log",
 "machine_manager",
 "serde_json",
 "sysbus",
 "util",
 "vmm-sys-util",
]

[[package]]
name = "vmm-sys-util"
version = "0.7.0"
source = "registry+https://github.com/rust-lang/crates.io-index"
checksum = "d1cdd1d72e262bbfb014de65ada24c1ac50e10a2e3b1e8ec052df188c2ee5dfa"
dependencies = [
 "bitflags",
 "libc",
]
